PODS:
  - AppAuth (1.7.5):
    - AppAuth/Core (= 1.7.5)
    - AppAuth/ExternalUserAgent (= 1.7.5)
  - AppAuth/Core (1.7.5)
  - AppAuth/ExternalUserAgent (1.7.5):
    - AppAuth/Core
  - audioplayers_darwin (0.0.1):
    - FlutterMacOS
  - cryptography_flutter (0.2.0):
    - FlutterMacOS
  - device_info_plus (0.0.1):
    - FlutterMacOS
  - file_selector_macos (0.0.1):
    - FlutterMacOS
  - FluentIcons (1.1.258):
    - FluentIcons/Assets (= 1.1.258)
    - FluentIcons/Code (= 1.1.258)
    - FluentIcons/RemovalScript (= 1.1.258)
  - FluentIcons/Assets (1.1.258)
  - FluentIcons/Code (1.1.258)
  - FluentIcons/RemovalScript (1.1.258)
  - flutter_gpt_tokenizer (0.1.1)
  - flutter_local_notifications (0.0.1):
    - FlutterMacOS
  - FlutterMacOS (1.0.0)
  - google_sign_in_ios (0.0.1):
    - AppAuth (>= 1.7.4)
    - Flutter
    - FlutterMacOS
    - GoogleSignIn (~> 7.1)
    - GTMSessionFetcher (>= 3.4.0)
  - GoogleSignIn (7.1.0):
    - AppAuth (< 2.0, >= 1.7.3)
    - GTMAppAuth (< 5.0, >= 4.1.1)
    - GTMSessionFetcher/Core (~> 3.3)
  - GTMAppAuth (4.1.1):
    - AppAuth/Core (~> 1.7)
    - GTMSessionFetcher/Core (< 4.0, >= 3.3)
  - GTMSessionFetcher (3.5.0):
    - GTMSessionFetcher/Full (= 3.5.0)
  - GTMSessionFetcher/Core (3.5.0)
  - GTMSessionFetcher/Full (3.5.0):
    - GTMSessionFetcher/Core
  - HotKey (0.2.0)
  - hotkey_manager_macos (0.0.1):
    - FlutterMacOS
    - HotKey
  - irondash_engine_context (0.0.1):
    - FlutterMacOS
  - keypress_simulator_macos (0.0.1):
    - FlutterMacOS
  - macos_window_utils (1.0.0):
    - FlutterMacOS
  - package_info_plus (0.0.1):
    - FlutterMacOS
  - pasteboard (0.0.1):
    - FlutterMacOS
  - path_provider_foundation (0.0.1):
    - Flutter
    - FlutterMacOS
  - protocol_handler_macos (0.0.1):
    - FlutterMacOS
  - record_darwin (1.0.0):
    - Flutter
    - FlutterMacOS
  - screen_retriever (0.0.1):
    - FlutterMacOS
  - shared_preferences_foundation (0.0.1):
    - Flutter
    - FlutterMacOS
  - super_native_extensions (0.0.1):
    - FlutterMacOS
  - system_theme (0.0.1):
    - FlutterMacOS
  - tray_manager (0.0.1):
    - FlutterMacOS
  - url_launcher_macos (0.0.1):
    - FlutterMacOS
  - window_manager (0.2.0):
    - FlutterMacOS

DEPENDENCIES:
  - audioplayers_darwin (from `Flutter/ephemeral/.symlinks/plugins/audioplayers_darwin/macos`)
  - cryptography_flutter (from `Flutter/ephemeral/.symlinks/plugins/cryptography_flutter/macos`)
  - device_info_plus (from `Flutter/ephemeral/.symlinks/plugins/device_info_plus/macos`)
  - file_selector_macos (from `Flutter/ephemeral/.symlinks/plugins/file_selector_macos/macos`)
  - FluentIcons (= 1.1.258)
  - flutter_gpt_tokenizer (from `Flutter/ephemeral/.symlinks/plugins/flutter_gpt_tokenizer/macos`)
  - flutter_local_notifications (from `Flutter/ephemeral/.symlinks/plugins/flutter_local_notifications/macos`)
  - FlutterMacOS (from `Flutter/ephemeral`)
  - google_sign_in_ios (from `Flutter/ephemeral/.symlinks/plugins/google_sign_in_ios/darwin`)
  - hotkey_manager_macos (from `Flutter/ephemeral/.symlinks/plugins/hotkey_manager_macos/macos`)
  - irondash_engine_context (from `Flutter/ephemeral/.symlinks/plugins/irondash_engine_context/macos`)
  - keypress_simulator_macos (from `Flutter/ephemeral/.symlinks/plugins/keypress_simulator_macos/macos`)
  - macos_window_utils (from `Flutter/ephemeral/.symlinks/plugins/macos_window_utils/macos`)
  - package_info_plus (from `Flutter/ephemeral/.symlinks/plugins/package_info_plus/macos`)
  - pasteboard (from `Flutter/ephemeral/.symlinks/plugins/pasteboard/macos`)
  - path_provider_foundation (from `Flutter/ephemeral/.symlinks/plugins/path_provider_foundation/darwin`)
  - protocol_handler_macos (from `Flutter/ephemeral/.symlinks/plugins/protocol_handler_macos/macos`)
  - record_darwin (from `Flutter/ephemeral/.symlinks/plugins/record_darwin/macos`)
  - screen_retriever (from `Flutter/ephemeral/.symlinks/plugins/screen_retriever/macos`)
  - shared_preferences_foundation (from `Flutter/ephemeral/.symlinks/plugins/shared_preferences_foundation/darwin`)
  - super_native_extensions (from `Flutter/ephemeral/.symlinks/plugins/super_native_extensions/macos`)
  - system_theme (from `Flutter/ephemeral/.symlinks/plugins/system_theme/macos`)
  - tray_manager (from `Flutter/ephemeral/.symlinks/plugins/tray_manager/macos`)
  - url_launcher_macos (from `Flutter/ephemeral/.symlinks/plugins/url_launcher_macos/macos`)
  - window_manager (from `Flutter/ephemeral/.symlinks/plugins/window_manager/macos`)

SPEC REPOS:
  trunk:
    - AppAuth
    - FluentIcons
    - GoogleSignIn
    - GTMAppAuth
    - GTMSessionFetcher
    - HotKey

EXTERNAL SOURCES:
  audioplayers_darwin:
    :path: Flutter/ephemeral/.symlinks/plugins/audioplayers_darwin/macos
  cryptography_flutter:
    :path: Flutter/ephemeral/.symlinks/plugins/cryptography_flutter/macos
  device_info_plus:
    :path: Flutter/ephemeral/.symlinks/plugins/device_info_plus/macos
  file_selector_macos:
    :path: Flutter/ephemeral/.symlinks/plugins/file_selector_macos/macos
  flutter_gpt_tokenizer:
    :path: Flutter/ephemeral/.symlinks/plugins/flutter_gpt_tokenizer/macos
  flutter_local_notifications:
    :path: Flutter/ephemeral/.symlinks/plugins/flutter_local_notifications/macos
  FlutterMacOS:
    :path: Flutter/ephemeral
  google_sign_in_ios:
    :path: Flutter/ephemeral/.symlinks/plugins/google_sign_in_ios/darwin
  hotkey_manager_macos:
    :path: Flutter/ephemeral/.symlinks/plugins/hotkey_manager_macos/macos
  irondash_engine_context:
    :path: Flutter/ephemeral/.symlinks/plugins/irondash_engine_context/macos
  keypress_simulator_macos:
    :path: Flutter/ephemeral/.symlinks/plugins/keypress_simulator_macos/macos
  macos_window_utils:
    :path: Flutter/ephemeral/.symlinks/plugins/macos_window_utils/macos
  package_info_plus:
    :path: Flutter/ephemeral/.symlinks/plugins/package_info_plus/macos
  pasteboard:
    :path: Flutter/ephemeral/.symlinks/plugins/pasteboard/macos
  path_provider_foundation:
    :path: Flutter/ephemeral/.symlinks/plugins/path_provider_foundation/darwin
  protocol_handler_macos:
    :path: Flutter/ephemeral/.symlinks/plugins/protocol_handler_macos/macos
  record_darwin:
    :path: Flutter/ephemeral/.symlinks/plugins/record_darwin/macos
  screen_retriever:
    :path: Flutter/ephemeral/.symlinks/plugins/screen_retriever/macos
  shared_preferences_foundation:
    :path: Flutter/ephemeral/.symlinks/plugins/shared_preferences_foundation/darwin
  super_native_extensions:
    :path: Flutter/ephemeral/.symlinks/plugins/super_native_extensions/macos
  system_theme:
    :path: Flutter/ephemeral/.symlinks/plugins/system_theme/macos
  tray_manager:
    :path: Flutter/ephemeral/.symlinks/plugins/tray_manager/macos
  url_launcher_macos:
    :path: Flutter/ephemeral/.symlinks/plugins/url_launcher_macos/macos
  window_manager:
    :path: Flutter/ephemeral/.symlinks/plugins/window_manager/macos

SPEC CHECKSUMS:
  AppAuth: 501c04eda8a8d11f179dbe8637b7a91bb7e5d2fa
  audioplayers_darwin: dcad41de4fbd0099cb3749f7ab3b0cb8f70b810c
  cryptography_flutter: c9fa581b52e6fe19475432b6f44489c387f61e19
  device_info_plus: ce1b7762849d3ec103d0e0517299f2db7ad60720
  file_selector_macos: cc3858c981fe6889f364731200d6232dac1d812d
  FluentIcons: 7d6e501bf569ebd7257261fdcf20f359b4267e79
  flutter_gpt_tokenizer: 0d9e224c1ff3bc0ae48f802fc87258c08057350c
  flutter_local_notifications: 3805ca215b2fb7f397d78b66db91f6a747af52e4
  FlutterMacOS: 8f6f14fa908a6fb3fba0cd85dbd81ec4b251fb24
  google_sign_in_ios: 07375bfbf2620bc93a602c0e27160d6afc6ead38
  GoogleSignIn: d4281ab6cf21542b1cfaff85c191f230b399d2db
  GTMAppAuth: f69bd07d68cd3b766125f7e072c45d7340dea0de
  GTMSessionFetcher: 5aea5ba6bd522a239e236100971f10cb71b96ab6
  HotKey: e96d8a2ddbf4591131e2bb3f54e69554d90cdca6
  hotkey_manager_macos: 1e2edb0c7ae4fe67108af44a9d3445de41404160
  irondash_engine_context: da62996ee25616d2f01bbeb85dc115d813359478
  keypress_simulator_macos: f8556f9101f9f2f175652e0bceddf0fe82a4c6b2
  macos_window_utils: 933f91f64805e2eb91a5bd057cf97cd097276663
  package_info_plus: fa739dd842b393193c5ca93c26798dff6e3d0e0c
  pasteboard: 9b69dba6fedbb04866be632205d532fe2f6b1d99
  path_provider_foundation: 2b6b4c569c0fb62ec74538f866245ac84301af46
  protocol_handler_macos: d10a6c01d6373389ffd2278013ab4c47ed6d6daa
  record_darwin: df0a677188e5fed18472550298e675f19ddaffbe
  screen_retriever: 59634572a57080243dd1bf715e55b6c54f241a38
  shared_preferences_foundation: fcdcbc04712aee1108ac7fda236f363274528f78
  super_native_extensions: 85efee3a7495b46b04befcfc86ed12069264ebf3
  system_theme: c7b9f6659a5caa26c9bc2284da096781e9a6fcbc
  tray_manager: 9064e219c56d75c476e46b9a21182087930baf90
  url_launcher_macos: c82c93949963e55b228a30115bd219499a6fe404
  window_manager: 3a1844359a6295ab1e47659b1a777e36773cd6e8

PODFILE CHECKSUM: 02f3fa41bae8281b903b8ddfc7b7ca6c2b1966a8

COCOAPODS: 1.15.2
